# THIS IS AN AUTOGENERATED FILE. DO NOT EDIT THIS FILE DIRECTLY.
# yarn lockfile v1


lodash@^4.17.15:
  version "4.17.15"
  resolved "https://registry.npm.taobao.org/lodash/download/lodash-4.17.15.tgz?cache=0&other_urls=https%3A%2F%2Fregistry.npm.taobao.org%2Flodash%2Fdownload%2Flodash-4.17.15.tgz#b447f6670a0455bbfeedd11392eff330ea097548"
  integrity sha1-tEf2ZwoEVbv+7dETku/zMOoJdUg=

luxon@^1.21.3:
  version "1.21.3"
  resolved "https://registry.npm.taobao.org/luxon/download/luxon-1.21.3.tgz#f1d5c2a7e855d039836cf4954f883ecac8fc4727"
  integrity sha1-8dXCp+hV0DmDbPSVT4g+ysj8Ryc=
